{
  "name": "covid",
  "version": "1.0.0",
  "lockfileVersion": 1,
  "requires": true,
  "dependencies": {
    "flexboxgrid": {
      "version": "6.3.1",
      "resolved": "https://registry.npmjs.org/flexboxgrid/-/flexboxgrid-6.3.1.tgz",
      "integrity": "sha1-6ZiYr8B7cEdyK7galYpfuk1OIP0="
    },
    "oxe": {
      "version": "5.2.9",
      "resolved": "https://registry.npmjs.org/oxe/-/oxe-5.2.9.tgz",
      "integrity": "sha512-uzZIk4jSXWODoQj1Wm0C4PAfxpjgD+nnqPMfO5KQgJ4TTHkTD1js7SVhPHxkpp6fSubuPoFfVkv/HKJYuK8xUg=="
    }
  }
}
